<?xml version="1.0" encoding="utf-8"?>
<Project ToolsVersion="4.0" xmlns="http://schemas.microsoft.com/developer/msbuild/2003">
  <ItemGroup>
    <Filter Include="Helper">
      <UniqueIdentifier>{d78e5b19-e353-4411-9670-a6afc5c9a221}</UniqueIdentifier>
    </Filter>
    <Filter Include="Controller">
      <UniqueIdentifier>{d08f15ed-8861-4dd4-a023-669fb9ea013e}</UniqueIdentifier>
    </Filter>
    <Filter Include="Model">
      <UniqueIdentifier>{fbf0b40a-b698-4d67-acb1-d632c7e68542}</UniqueIdentifier>
    </Filter>
    <Filter Include="View">
      <UniqueIdentifier>{58995d6c-8f77-4fca-9b0b-7f10a725bb6d}</UniqueIdentifier>
    </Filter>
    <Filter Include="Model\Action">
      <UniqueIdentifier>{9f035be7-941c-4c82-8046-cb37cd491bb0}</UniqueIdentifier>
    </Filter>
    <Filter Include="Controller\Menu">
      <UniqueIdentifier>{c7d78c7e-4ad8-4450-9dd9-96ce3ab312fb}</UniqueIdentifier>
    </Filter>
    <Filter Include="Controller\Game">
      <UniqueIdentifier>{46a89a09-5e59-40ea-9cf5-6dc5bad7df1b}</UniqueIdentifier>
    </Filter>
    <Filter Include="Model\CardAction">
      <UniqueIdentifier>{be726177-4658-47ab-af1c-74ed23c30741}</UniqueIdentifier>
    </Filter>
  </ItemGroup>
  <ItemGroup>
    <ClInclude Include="Src\Helper\Macros.h">
      <Filter>Helper</Filter>
    </ClInclude>
    <ClInclude Include="Src\Controller\FrontController.h">
      <Filter>Controller</Filter>
    </ClInclude>
    <ClInclude Include="Src\Controller\IController.h">
      <Filter>Controller</Filter>
    </ClInclude>
    <ClInclude Include="Src\Model\IAction.h">
      <Filter>Model</Filter>
    </ClInclude>
    <ClInclude Include="Src\Controller\MainController.h">
      <Filter>Controller</Filter>
    </ClInclude>
    <ClInclude Include="Src\Model\Menu.h">
      <Filter>Model</Filter>
    </ClInclude>
    <ClInclude Include="Src\Model\MenuItem.h">
      <Filter>Model</Filter>
    </ClInclude>
    <ClInclude Include="Src\View\MenuView.h">
      <Filter>View</Filter>
    </ClInclude>
    <ClInclude Include="Src\View\BaseView.h">
      <Filter>View</Filter>
    </ClInclude>
    <ClInclude Include="Src\Model\Action\TransitionAction.h">
      <Filter>Model\Action</Filter>
    </ClInclude>
    <ClInclude Include="Src\Model\Action\QuitAction.h">
      <Filter>Model\Action</Filter>
    </ClInclude>
    <ClInclude Include="Src\Controller\IControllerActionExecutable.h">
      <Filter>Controller</Filter>
    </ClInclude>
    <ClInclude Include="Src\Model\Action\ControllerAction.h">
      <Filter>Model\Action</Filter>
    </ClInclude>
    <ClInclude Include="Src\Model\MatchRound.h">
      <Filter>Model</Filter>
    </ClInclude>
    <ClInclude Include="Src\Model\Card.h">
      <Filter>Model</Filter>
    </ClInclude>
    <ClInclude Include="Src\Controller\Menu\BaseMenuController.h">
      <Filter>Controller\Menu</Filter>
    </ClInclude>
    <ClInclude Include="Src\Controller\Menu\HelpController.h">
      <Filter>Controller\Menu</Filter>
    </ClInclude>
    <ClInclude Include="Src\Controller\Menu\MenuController.h">
      <Filter>Controller\Menu</Filter>
    </ClInclude>
    <ClInclude Include="Src\Controller\Game\GameController.h">
      <Filter>Controller\Game</Filter>
    </ClInclude>
    <ClInclude Include="Src\Model\ControllerTransition.h">
      <Filter>Model</Filter>
    </ClInclude>
    <ClInclude Include="Src\Controller\BaseController.h">
      <Filter>Controller</Filter>
    </ClInclude>
    <ClInclude Include="Src\Controller\Game\IPlayerController.h">
      <Filter>Controller\Game</Filter>
    </ClInclude>
    <ClInclude Include="Src\Controller\Game\PlayerController.h">
      <Filter>Controller\Game</Filter>
    </ClInclude>
    <ClInclude Include="Src\Model\ICardAction.h">
      <Filter>Model</Filter>
    </ClInclude>
    <ClInclude Include="Src\Model\CardAction\FireAction.h">
      <Filter>Model\CardAction</Filter>
    </ClInclude>
    <ClInclude Include="Src\Controller\Game\AIController.h">
      <Filter>Controller\Game</Filter>
    </ClInclude>
    <ClInclude Include="Src\Model\BaseCardAction.h">
      <Filter>Model</Filter>
    </ClInclude>
  </ItemGroup>
  <ItemGroup>
    <ClCompile Include="Src\Controller\FrontController.cpp">
      <Filter>Controller</Filter>
    </ClCompile>
    <ClCompile Include="Src\Controller\MainController.cpp">
      <Filter>Controller</Filter>
    </ClCompile>
    <ClCompile Include="Src\Model\Menu.cpp">
      <Filter>Model</Filter>
    </ClCompile>
    <ClCompile Include="Src\Model\MenuItem.cpp">
      <Filter>Model</Filter>
    </ClCompile>
    <ClCompile Include="Src\View\MenuView.cpp">
      <Filter>View</Filter>
    </ClCompile>
    <ClCompile Include="Src\View\BaseView.cpp">
      <Filter>View</Filter>
    </ClCompile>
    <ClCompile Include="Src\Model\Action\TransitionAction.cpp">
      <Filter>Model\Action</Filter>
    </ClCompile>
    <ClCompile Include="Src\Model\Action\QuitAction.cpp">
      <Filter>Model\Action</Filter>
    </ClCompile>
    <ClCompile Include="Src\Model\Action\ControllerAction.cpp">
      <Filter>Model\Action</Filter>
    </ClCompile>
    <ClCompile Include="Src\Model\MatchRound.cpp">
      <Filter>Model</Filter>
    </ClCompile>
    <ClCompile Include="Src\Model\Card.cpp">
      <Filter>Model</Filter>
    </ClCompile>
    <ClCompile Include="Src\Controller\Menu\BaseMenuController.cpp">
      <Filter>Controller\Menu</Filter>
    </ClCompile>
    <ClCompile Include="Src\Controller\Menu\HelpController.cpp">
      <Filter>Controller\Menu</Filter>
    </ClCompile>
    <ClCompile Include="Src\Controller\Menu\MenuController.cpp">
      <Filter>Controller\Menu</Filter>
    </ClCompile>
    <ClCompile Include="Src\Controller\Game\GameController.cpp">
      <Filter>Controller\Game</Filter>
    </ClCompile>
    <ClCompile Include="Src\Model\ControllerTransition.cpp">
      <Filter>Model</Filter>
    </ClCompile>
    <ClCompile Include="Src\Controller\BaseController.cpp">
      <Filter>Controller</Filter>
    </ClCompile>
    <ClCompile Include="Src\Controller\Game\PlayerController.cpp">
      <Filter>Controller\Game</Filter>
    </ClCompile>
    <ClCompile Include="Src\Model\CardAction\FireAction.cpp">
      <Filter>Model\CardAction</Filter>
    </ClCompile>
    <ClCompile Include="Src\Controller\Game\AIController.cpp">
      <Filter>Controller\Game</Filter>
    </ClCompile>
    <ClCompile Include="Src\Model\BaseCardAction.cpp">
      <Filter>Model</Filter>
    </ClCompile>
  </ItemGroup>
</Project>