<?xml version="1.0" encoding="utf-8"?>
<Project ToolsVersion="4.0" xmlns="http://schemas.microsoft.com/developer/msbuild/2003">
  <ItemGroup>
    <Filter Include="Helper">
      <UniqueIdentifier>{d78e5b19-e353-4411-9670-a6afc5c9a221}</UniqueIdentifier>
    </Filter>
    <Filter Include="Controller">
      <UniqueIdentifier>{d08f15ed-8861-4dd4-a023-669fb9ea013e}</UniqueIdentifier>
    </Filter>
    <Filter Include="Model">
      <UniqueIdentifier>{fbf0b40a-b698-4d67-acb1-d632c7e68542}</UniqueIdentifier>
    </Filter>
    <Filter Include="View">
      <UniqueIdentifier>{58995d6c-8f77-4fca-9b0b-7f10a725bb6d}</UniqueIdentifier>
    </Filter>
  </ItemGroup>
  <ItemGroup>
    <ClInclude Include="Src\Helper\Macros.h">
      <Filter>Helper</Filter>
    </ClInclude>
    <ClInclude Include="Src\Controller\FrontController.h">
      <Filter>Controller</Filter>
    </ClInclude>
    <ClInclude Include="Src\Controller\IController.h">
      <Filter>Controller</Filter>
    </ClInclude>
    <ClInclude Include="Src\Model\IAction.h">
      <Filter>Model</Filter>
    </ClInclude>
    <ClInclude Include="Src\Controller\ControllerTransition.h">
      <Filter>Controller</Filter>
    </ClInclude>
    <ClInclude Include="Src\Controller\MainController.h">
      <Filter>Controller</Filter>
    </ClInclude>
    <ClInclude Include="Src\Controller\MenuController.h">
      <Filter>Controller</Filter>
    </ClInclude>
    <ClInclude Include="Src\Controller\BaseMenuController.h">
      <Filter>Controller</Filter>
    </ClInclude>
    <ClInclude Include="Src\Model\Menu.h">
      <Filter>Model</Filter>
    </ClInclude>
    <ClInclude Include="Src\Model\MenuItem.h">
      <Filter>Model</Filter>
    </ClInclude>
    <ClInclude Include="Src\View\MenuView.h">
      <Filter>View</Filter>
    </ClInclude>
  </ItemGroup>
  <ItemGroup>
    <ClCompile Include="Src\Controller\FrontController.cpp">
      <Filter>Controller</Filter>
    </ClCompile>
    <ClCompile Include="Src\Controller\ControllerTransition.cpp">
      <Filter>Controller</Filter>
    </ClCompile>
    <ClCompile Include="Src\Controller\MainController.cpp">
      <Filter>Controller</Filter>
    </ClCompile>
    <ClCompile Include="Src\Controller\MenuController.cpp">
      <Filter>Controller</Filter>
    </ClCompile>
    <ClCompile Include="Src\Controller\BaseMenuController.cpp">
      <Filter>Controller</Filter>
    </ClCompile>
    <ClCompile Include="Src\Model\Menu.cpp">
      <Filter>Model</Filter>
    </ClCompile>
    <ClCompile Include="Src\Model\MenuItem.cpp">
      <Filter>Model</Filter>
    </ClCompile>
    <ClCompile Include="Src\View\MenuView.cpp">
      <Filter>View</Filter>
    </ClCompile>
  </ItemGroup>
</Project>