<?xml version="1.0" encoding="utf-8"?>
<Project ToolsVersion="4.0" xmlns="http://schemas.microsoft.com/developer/msbuild/2003">
  <ItemGroup>
    <ClCompile Include="Src\Controller\FrontController.cpp">
      <Filter>Controller</Filter>
    </ClCompile>
    <ClCompile Include="Src\Main.cpp" />
    <ClCompile Include="Src\Controller\ControllerTransition.cpp">
      <Filter>Controller</Filter>
    </ClCompile>
  </ItemGroup>
  <ItemGroup>
    <Filter Include="Controller">
      <UniqueIdentifier>{f14ae0cd-1106-4b36-8660-f8274c2fc891}</UniqueIdentifier>
    </Filter>
    <Filter Include="Model">
      <UniqueIdentifier>{4c17d7c0-89b8-4500-9e2c-bb6c5238c047}</UniqueIdentifier>
    </Filter>
  </ItemGroup>
  <ItemGroup>
    <ClInclude Include="Src\Controller\FrontController.h">
      <Filter>Controller</Filter>
    </ClInclude>
    <ClInclude Include="Src\Macros.h" />
    <ClInclude Include="Src\Controller\IController.h">
      <Filter>Controller</Filter>
    </ClInclude>
    <ClInclude Include="Src\Controller\ControllerTransition.h">
      <Filter>Controller</Filter>
    </ClInclude>
    <ClInclude Include="Src\Model\IMenuAction.h">
      <Filter>Model</Filter>
    </ClInclude>
  </ItemGroup>
</Project>